
Microsoft Visual Studio Solution File, Format Version 12.00
# Visual Studio Version 16
VisualStudioVersion = 16.0.29411.108
MinimumVisualStudioVersion = 10.0.40219.1
Project("{FAE04EC0-301F-11D3-BF4B-00C04F79EFBC}") = "SimpleCLCL", "SimpleCLCL.csproj", "{746F7E50-743D-45FB-9536-14C5CDD2513C}"
EndProject
Global
	GlobalSection(SolutionConfigurationPlatforms) = preSolution
		Debug|Any CPU = Debug|Any CPU
		Release|Any CPU = Release|Any CPU
	EndGlobalSection
	GlobalSection(ProjectConfigurationPlatforms) = postSolution
		{746F7E50-743D-45FB-9536-14C5CDD2513C}.Debug|Any CPU.ActiveCfg = Debug|Any CPU
		{746F7E50-743D-45FB-9536-14C5CDD2513C}.Debug|Any CPU.Build.0 = Debug|Any CPU
		{746F7E50-743D-45FB-9536-14C5CDD2513C}.Release|Any CPU.ActiveCfg = Release|Any CPU
		{746F7E50-743D-45FB-9536-14C5CDD2513C}.Release|Any CPU.Build.0 = Release|Any CPU
	EndGlobalSection
	GlobalSection(SolutionProperties) = preSolution
		HideSolutionNode = FALSE
	EndGlobalSection
	GlobalSection(ExtensibilityGlobals) = postSolution
		SolutionGuid = {E9D67E5D-52F5-492F-8B62-530C326980BB}
	EndGlobalSection
EndGlobal
